{
  "version": 4,
  "terraform_version": "1.15.7",
  "serial": 9,
  "lineage": "cc0a66da-0589-b3b1-6da1-d27c450644be",
  "outputs": {
    "project_compartment_id": {
      "value": "ocid1.compartment.oc1..aaaaaaaafpcelglbjpaprqhq65l3od4ep2uh2gikvwhcypynu5dz6dh2bdkq",
      "type": "string"
    },
    "resource_prefix": {
      "value": "boom-dev",
      "type": "string"
    },
    "vcn_id": {
      "value": "ocid1.vcn.oc1.sa-saopaulo-1.amaaaaaaw3keikyagcrh35pae3gg3f2td5aszxgnpsv7ptctfoda2jvtjaeq",
      "type": "string"
    }
  },
  "resources": [
    {
      "module": "module.compute",
      "mode": "data",
      "type": "oci_core_images",
      "name": "ubuntu",
      "provider": "provider[\"registry.terraform.io/hashicorp/oci\"]",
      "instances": [
        {
          "schema_version": 0,
          "attributes": {
            "compartment_id": "ocid1.compartment.oc1..aaaaaaaafpcelglbjpaprqhq65l3od4ep2uh2gikvwhcypynu5dz6dh2bdkq",
            "display_name": null,
            "filter": null,
            "id": "CoreImagesDataSource-3433708005",
            "images": [
              {
                "agent_features": [],
                "base_image_id": "",
                "billable_size_in_gbs": "2",
                "compartment_id": "",
                "create_image_allowed": true,
                "defined_tags": {},
                "display_name": "Canonical-Ubuntu-22.04-aarch64-2026.04.30-1",
                "freeform_tags": {},
                "id": "ocid1.image.oc1.sa-saopaulo-1.aaaaaaaaemf52b7af7ncncxz6pdc6hrlkdmylvwejfzpwnpbuhlfxwhrno6a",
                "image_source_details": [],
                "instance_id": "",
                "launch_mode": "NATIVE",
                "launch_options": [
                  {
                    "boot_volume_type": "PARAVIRTUALIZED",
                    "firmware": "UEFI_64",
                    "is_consistent_volume_naming_enabled": true,
                    "is_pv_encryption_in_transit_enabled": true,
                    "network_type": "PARAVIRTUALIZED",
                    "remote_data_volume_type": "PARAVIRTUALIZED"
                  }
                ],
                "listing_type": "",
                "operating_system": "Canonical Ubuntu",
                "operating_system_version": "22.04",
                "size_in_mbs": "47694",
                "state": "AVAILABLE",
                "time_created": "2026-05-06 02:24:01.372 +0000 UTC"
              },
              {
                "agent_features": [],
                "base_image_id": "",
                "billable_size_in_gbs": "2",
                "compartment_id": "",
                "create_image_allowed": true,
                "defined_tags": {},
                "display_name": "Canonical-Ubuntu-22.04-aarch64-2026.03.31-0",
                "freeform_tags": {},
                "id": "ocid1.image.oc1.sa-saopaulo-1.aaaaaaaal2igd4tgw4xlhdk3euqett5c6fvidgutkigumpbnote4ovpgylsq",
                "image_source_details": [],
                "instance_id": "",
                "launch_mode": "NATIVE",
                "launch_options": [
                  {
                    "boot_volume_type": "PARAVIRTUALIZED",
                    "firmware": "UEFI_64",
                    "is_consistent_volume_naming_enabled": true,
                    "is_pv_encryption_in_transit_enabled": true,
                    "network_type": "PARAVIRTUALIZED",
                    "remote_data_volume_type": "PARAVIRTUALIZED"
                  }
                ],
                "listing_type": "",
                "operating_system": "Canonical Ubuntu",
                "operating_system_version": "22.04",
                "size_in_mbs": "47694",
                "state": "AVAILABLE",
                "time_created": "2026-04-22 15:44:10.053 +0000 UTC"
              },
              {
                "agent_features": [],
                "base_image_id": "",
                "billable_size_in_gbs": "2",
                "compartment_id": "",
                "create_image_allowed": true,
                "defined_tags": {},
                "display_name": "Canonical-Ubuntu-22.04-aarch64-2026.02.28-0",
                "freeform_tags": {},
                "id": "ocid1.image.oc1.sa-saopaulo-1.aaaaaaaaiyoztn7hcwrrfnf2iuqhplw5fykicqdewje5nd2jclvosuvxaj7q",
                "image_source_details": [],
                "instance_id": "",
                "launch_mode": "NATIVE",
                "launch_options": [
                  {
                    "boot_volume_type": "PARAVIRTUALIZED",
                    "firmware": "UEFI_64",
                    "is_consistent_volume_naming_enabled": true,
                    "is_pv_encryption_in_transit_enabled": true,
                    "network_type": "PARAVIRTUALIZED",
                    "remote_data_volume_type": "PARAVIRTUALIZED"
                  }
                ],
                "listing_type": "",
                "operating_system": "Canonical Ubuntu",
                "operating_system_version": "22.04",
                "size_in_mbs": "47694",
                "state": "AVAILABLE",
                "time_created": "2026-03-04 22:45:33.33 +0000 UTC"
              }
            ],
            "operating_system": "Canonical Ubuntu",
            "operating_system_version": "22.04",
            "shape": "VM.Standard.A1.Flex",
            "sort_by": "TIMECREATED",
            "sort_order": "DESC",
            "state": null
          },
          "sensitive_attributes": [],
          "identity_schema_version": 0
        }
      ]
    },
    {
      "module": "module.network",
      "mode": "managed",
      "type": "oci_core_internet_gateway",
      "name": "main",
      "provider": "provider[\"registry.terraform.io/hashicorp/oci\"]",
      "instances": [
        {
          "schema_version": 0,
          "attributes": {
            "compartment_id": "ocid1.compartment.oc1..aaaaaaaafpcelglbjpaprqhq65l3od4ep2uh2gikvwhcypynu5dz6dh2bdkq",
            "defined_tags": {
              "Oracle-Tags.CreatedBy": "default/danielunesp02@gmail.com",
              "Oracle-Tags.CreatedOn": "2026-06-28T23:01:08.079Z"
            },
            "display_name": "boom-dev-igw",
            "enabled": true,
            "freeform_tags": {
              "Environment": "dev",
              "ManagedBy": "Terraform",
              "Owner": "Daniel Bevilacqua",
              "Project": "Boom"
            },
            "id": "ocid1.internetgateway.oc1.sa-saopaulo-1.aaaaaaaahyn2fkcxmighiluqg3qsrfqp25pot6kynzzbrbifmyvj4i5lutta",
            "route_table_id": null,
            "state": "AVAILABLE",
            "time_created": "2026-06-28 23:01:08.109 +0000 UTC",
            "timeouts": null,
            "vcn_id": "ocid1.vcn.oc1.sa-saopaulo-1.amaaaaaaw3keikyagcrh35pae3gg3f2td5aszxgnpsv7ptctfoda2jvtjaeq"
          },
          "sensitive_attributes": [],
          "identity_schema_version": 0,
          "private": "eyJlMmJmYjczMC1lY2FhLTExZTYtOGY4OC0zNDM2M2JjN2M0YzAiOnsiY3JlYXRlIjoxMjAwMDAwMDAwMDAwLCJkZWxldGUiOjEyMDAwMDAwMDAwMDAsInVwZGF0ZSI6MTIwMDAwMDAwMDAwMH19",
          "dependencies": [
            "module.network.oci_core_vcn.main",
            "module.project_compartment.oci_identity_compartment.this"
          ]
        }
      ]
    },
    {
      "module": "module.network",
      "mode": "managed",
      "type": "oci_core_route_table",
      "name": "public",
      "provider": "provider[\"registry.terraform.io/hashicorp/oci\"]",
      "instances": [
        {
          "schema_version": 0,
          "attributes": {
            "compartment_id": "ocid1.compartment.oc1..aaaaaaaafpcelglbjpaprqhq65l3od4ep2uh2gikvwhcypynu5dz6dh2bdkq",
            "defined_tags": {
              "Oracle-Tags.CreatedBy": "default/danielunesp02@gmail.com",
              "Oracle-Tags.CreatedOn": "2026-06-28T23:01:08.591Z"
            },
            "display_name": "boom-dev-public-rt",
            "freeform_tags": {
              "Environment": "dev",
              "ManagedBy": "Terraform",
              "Owner": "Daniel Bevilacqua",
              "Project": "Boom"
            },
            "id": "ocid1.routetable.oc1.sa-saopaulo-1.aaaaaaaa7hcyfv3hrpnan7mvrhpakf6yj2rdm75qxu2juei6b5zz7spokkxa",
            "route_rules": [
              {
                "cidr_block": "",
                "description": "",
                "destination": "0.0.0.0/0",
                "destination_type": "CIDR_BLOCK",
                "network_entity_id": "ocid1.internetgateway.oc1.sa-saopaulo-1.aaaaaaaahyn2fkcxmighiluqg3qsrfqp25pot6kynzzbrbifmyvj4i5lutta",
                "route_type": "STATIC"
              }
            ],
            "state": "AVAILABLE",
            "time_created": "2026-06-28 23:01:08.619 +0000 UTC",
            "timeouts": null,
            "vcn_id": "ocid1.vcn.oc1.sa-saopaulo-1.amaaaaaaw3keikyagcrh35pae3gg3f2td5aszxgnpsv7ptctfoda2jvtjaeq"
          },
          "sensitive_attributes": [],
          "identity_schema_version": 0,
          "private": "eyJlMmJmYjczMC1lY2FhLTExZTYtOGY4OC0zNDM2M2JjN2M0YzAiOnsiY3JlYXRlIjoxMjAwMDAwMDAwMDAwLCJkZWxldGUiOjEyMDAwMDAwMDAwMDAsInVwZGF0ZSI6MTIwMDAwMDAwMDAwMH19",
          "dependencies": [
            "module.network.oci_core_internet_gateway.main",
            "module.network.oci_core_vcn.main",
            "module.project_compartment.oci_identity_compartment.this"
          ]
        }
      ]
    },
    {
      "module": "module.network",
      "mode": "managed",
      "type": "oci_core_security_list",
      "name": "public",
      "provider": "provider[\"registry.terraform.io/hashicorp/oci\"]",
      "instances": [
        {
          "schema_version": 0,
          "attributes": {
            "compartment_id": "ocid1.compartment.oc1..aaaaaaaafpcelglbjpaprqhq65l3od4ep2uh2gikvwhcypynu5dz6dh2bdkq",
            "defined_tags": {
              "Oracle-Tags.CreatedBy": "default/danielunesp02@gmail.com",
              "Oracle-Tags.CreatedOn": "2026-06-28T23:01:08.098Z"
            },
            "display_name": "boom-dev-public-sl",
            "egress_security_rules": [
              {
                "description": "Allow all outbound traffic",
                "destination": "0.0.0.0/0",
                "destination_type": "CIDR_BLOCK",
                "icmp_options": [],
                "protocol": "all",
                "stateless": false,
                "tcp_options": [],
                "udp_options": []
              }
            ],
            "freeform_tags": {
              "Environment": "dev",
              "ManagedBy": "Terraform",
              "Owner": "Daniel Bevilacqua",
              "Project": "Boom"
            },
            "id": "ocid1.securitylist.oc1.sa-saopaulo-1.aaaaaaaaprs4aqkmta7ssgynvpoliahood6bqzv6xrahm5k52qorwitfyakq",
            "ingress_security_rules": [
              {
                "description": "HTTP",
                "icmp_options": [],
                "protocol": "6",
                "source": "0.0.0.0/0",
                "source_type": "CIDR_BLOCK",
                "stateless": false,
                "tcp_options": [
                  {
                    "max": 80,
                    "min": 80,
                    "source_port_range": []
                  }
                ],
                "udp_options": []
              },
              {
                "description": "HTTPS",
                "icmp_options": [],
                "protocol": "6",
                "source": "0.0.0.0/0",
                "source_type": "CIDR_BLOCK",
                "stateless": false,
                "tcp_options": [
                  {
                    "max": 443,
                    "min": 443,
                    "source_port_range": []
                  }
                ],
                "udp_options": []
              },
              {
                "description": "SSH",
                "icmp_options": [],
                "protocol": "6",
                "source": "170.246.80.166/32",
                "source_type": "CIDR_BLOCK",
                "stateless": false,
                "tcp_options": [
                  {
                    "max": 22,
                    "min": 22,
                    "source_port_range": []
                  }
                ],
                "udp_options": []
              }
            ],
            "state": "AVAILABLE",
            "time_created": "2026-06-28 23:01:08.134 +0000 UTC",
            "timeouts": null,
            "vcn_id": "ocid1.vcn.oc1.sa-saopaulo-1.amaaaaaaw3keikyagcrh35pae3gg3f2td5aszxgnpsv7ptctfoda2jvtjaeq"
          },
          "sensitive_attributes": [],
          "identity_schema_version": 0,
          "private": "eyJlMmJmYjczMC1lY2FhLTExZTYtOGY4OC0zNDM2M2JjN2M0YzAiOnsiY3JlYXRlIjoxMjAwMDAwMDAwMDAwLCJkZWxldGUiOjEyMDAwMDAwMDAwMDAsInVwZGF0ZSI6MTIwMDAwMDAwMDAwMH19",
          "dependencies": [
            "module.network.oci_core_vcn.main",
            "module.project_compartment.oci_identity_compartment.this"
          ]
        }
      ]
    },
    {
      "module": "module.network",
      "mode": "managed",
      "type": "oci_core_subnet",
      "name": "public",
      "provider": "provider[\"registry.terraform.io/hashicorp/oci\"]",
      "instances": [
        {
          "schema_version": 0,
          "attributes": {
            "availability_domain": null,
            "cidr_block": "10.0.1.0/24",
            "compartment_id": "ocid1.compartment.oc1..aaaaaaaafpcelglbjpaprqhq65l3od4ep2uh2gikvwhcypynu5dz6dh2bdkq",
            "defined_tags": {
              "Oracle-Tags.CreatedBy": "default/danielunesp02@gmail.com",
              "Oracle-Tags.CreatedOn": "2026-06-28T23:01:09.073Z"
            },
            "dhcp_options_id": "ocid1.dhcpoptions.oc1.sa-saopaulo-1.aaaaaaaalxtitsmdk5m5l6ydigqjfiwtk6axdohlvns5ldob6t3dmvumgkga",
            "display_name": "boom-dev-public-subnet",
            "dns_label": "public",
            "freeform_tags": {
              "Environment": "dev",
              "ManagedBy": "Terraform",
              "Owner": "Daniel Bevilacqua",
              "Project": "Boom"
            },
            "id": "ocid1.subnet.oc1.sa-saopaulo-1.aaaaaaaaxuck2oveomjnetaxtdvfneowthx5skzycxox4ip4gup6kmcgxdda",
            "ipv4cidr_blocks": [
              "10.0.1.0/24"
            ],
            "ipv6cidr_block": null,
            "ipv6cidr_blocks": [],
            "ipv6virtual_router_ip": null,
            "prohibit_internet_ingress": false,
            "prohibit_public_ip_on_vnic": false,
            "route_table_id": "ocid1.routetable.oc1.sa-saopaulo-1.aaaaaaaa7hcyfv3hrpnan7mvrhpakf6yj2rdm75qxu2juei6b5zz7spokkxa",
            "security_list_ids": [
              "ocid1.securitylist.oc1.sa-saopaulo-1.aaaaaaaaprs4aqkmta7ssgynvpoliahood6bqzv6xrahm5k52qorwitfyakq"
            ],
            "state": "AVAILABLE",
            "subnet_domain_name": "public.boom.oraclevcn.com",
            "time_created": "2026-06-28 23:01:09.113 +0000 UTC",
            "timeouts": null,
            "vcn_id": "ocid1.vcn.oc1.sa-saopaulo-1.amaaaaaaw3keikyagcrh35pae3gg3f2td5aszxgnpsv7ptctfoda2jvtjaeq",
            "virtual_router_ip": "10.0.1.1",
            "virtual_router_mac": "00:00:17:E8:E1:24"
          },
          "sensitive_attributes": [],
          "identity_schema_version": 0,
          "private": "eyJlMmJmYjczMC1lY2FhLTExZTYtOGY4OC0zNDM2M2JjN2M0YzAiOnsiY3JlYXRlIjoxMjAwMDAwMDAwMDAwLCJkZWxldGUiOjEyMDAwMDAwMDAwMDAsInVwZGF0ZSI6MTIwMDAwMDAwMDAwMH19",
          "dependencies": [
            "module.network.oci_core_internet_gateway.main",
            "module.network.oci_core_route_table.public",
            "module.network.oci_core_security_list.public",
            "module.network.oci_core_vcn.main",
            "module.project_compartment.oci_identity_compartment.this"
          ]
        }
      ]
    },
    {
      "module": "module.network",
      "mode": "managed",
      "type": "oci_core_vcn",
      "name": "main",
      "provider": "provider[\"registry.terraform.io/hashicorp/oci\"]",
      "instances": [
        {
          "schema_version": 0,
          "attributes": {
            "byoipv6cidr_blocks": [],
            "byoipv6cidr_details": [],
            "cidr_block": "10.0.0.0/16",
            "cidr_blocks": [
              "10.0.0.0/16"
            ],
            "compartment_id": "ocid1.compartment.oc1..aaaaaaaafpcelglbjpaprqhq65l3od4ep2uh2gikvwhcypynu5dz6dh2bdkq",
            "default_dhcp_options_id": "ocid1.dhcpoptions.oc1.sa-saopaulo-1.aaaaaaaalxtitsmdk5m5l6ydigqjfiwtk6axdohlvns5ldob6t3dmvumgkga",
            "default_route_table_id": "ocid1.routetable.oc1.sa-saopaulo-1.aaaaaaaa6qcqqa36edgbflnf2dtkuxyalwgdou2zopu3q4ynifwj5m6ssmoa",
            "default_security_list_id": "ocid1.securitylist.oc1.sa-saopaulo-1.aaaaaaaatsiugimadusjiecz3hpwdbj2waq32unn7ka2v776vvugr7fjk7kq",
            "defined_tags": {
              "Oracle-Tags.CreatedBy": "default/danielunesp02@gmail.com",
              "Oracle-Tags.CreatedOn": "2026-06-28T23:01:07.414Z"
            },
            "display_name": "boom-dev-vcn",
            "dns_label": "boom",
            "freeform_tags": {
              "Environment": "dev",
              "ManagedBy": "Terraform",
              "Owner": "Daniel Bevilacqua",
              "Project": "Boom"
            },
            "id": "ocid1.vcn.oc1.sa-saopaulo-1.amaaaaaaw3keikyagcrh35pae3gg3f2td5aszxgnpsv7ptctfoda2jvtjaeq",
            "ipv6cidr_blocks": [],
            "ipv6private_cidr_blocks": [],
            "is_ipv6enabled": false,
            "is_oracle_gua_allocation_enabled": null,
            "security_attributes": {},
            "state": "AVAILABLE",
            "time_created": "2026-06-28 23:01:07.472 +0000 UTC",
            "timeouts": null,
            "vcn_domain_name": "boom.oraclevcn.com"
          },
          "sensitive_attributes": [],
          "identity_schema_version": 0,
          "private": "eyJlMmJmYjczMC1lY2FhLTExZTYtOGY4OC0zNDM2M2JjN2M0YzAiOnsiY3JlYXRlIjoxMjAwMDAwMDAwMDAwLCJkZWxldGUiOjEyMDAwMDAwMDAwMDAsInVwZGF0ZSI6MTIwMDAwMDAwMDAwMH19",
          "dependencies": [
            "module.project_compartment.oci_identity_compartment.this"
          ]
        }
      ]
    },
    {
      "module": "module.project_compartment[0]",
      "mode": "managed",
      "type": "oci_identity_compartment",
      "name": "this",
      "provider": "provider[\"registry.terraform.io/hashicorp/oci\"]",
      "instances": [
        {
          "schema_version": 0,
          "attributes": {
            "compartment_id": "ocid1.tenancy.oc1..aaaaaaaasz4twublratwk2na7at5xwjdyrinqz4iuz2oyle5jvhhafjyotfq",
            "defined_tags": {
              "Oracle-Tags.CreatedBy": "default/danielunesp02@gmail.com",
              "Oracle-Tags.CreatedOn": "2026-06-28T23:00:52.824Z"
            },
            "description": "Boom project compartment managed by Terraform",
            "enable_delete": true,
            "freeform_tags": {
              "Environment": "dev",
              "ManagedBy": "Terraform",
              "Owner": "Daniel Bevilacqua",
              "Project": "Boom"
            },
            "id": "ocid1.compartment.oc1..aaaaaaaafpcelglbjpaprqhq65l3od4ep2uh2gikvwhcypynu5dz6dh2bdkq",
            "inactive_state": null,
            "is_accessible": true,
            "name": "Boom",
            "state": "ACTIVE",
            "time_created": "2026-06-28 23:00:53.549 +0000 UTC",
            "timeouts": null
          },
          "sensitive_attributes": [],
          "identity_schema_version": 0,
          "private": "eyJlMmJmYjczMC1lY2FhLTExZTYtOGY4OC0zNDM2M2JjN2M0YzAiOnsiZGVsZXRlIjo1NDAwMDAwMDAwMDAwfX0="
        }
      ]
    }
  ],
  "check_results": null
}
